// !$*UTF8*$!
{
	archiveVersion = 1;
	classes = {
	};
	objectVersion = 46;
	objects = {

/* Begin PBXBuildFile section */
		353076D31F186B5A0088A944 /* SLXTimerVC.m in Sources */ = {isa = PBXBuildFile; fileRef = 353076D21F186B5A0088A944 /* SLXTimerVC.m */; };
		353076D61F1875620088A944 /* SLToolsModal.m in Sources */ = {isa = PBXBuildFile; fileRef = 353076D51F1875620088A944 /* SLToolsModal.m */; };
		353076DA1F1899A90088A944 /* NSString+addition.m in Sources */ = {isa = PBXBuildFile; fileRef = 353076D91F1899A90088A944 /* NSString+addition.m */; };
		35FC0A0A1EF9120D00CC7EC8 /* main.m in Sources */ = {isa = PBXBuildFile; fileRef = 35FC0A091EF9120D00CC7EC8 /* main.m */; };
		35FC0A0D1EF9120D00CC7EC8 /* AppDelegate.m in Sources */ = {isa = PBXBuildFile; fileRef = 35FC0A0C1EF9120D00CC7EC8 /* AppDelegate.m */; };
		35FC0A101EF9120D00CC7EC8 /* ViewController.m in Sources */ = {isa = PBXBuildFile; fileRef = 35FC0A0F1EF9120D00CC7EC8 /* ViewController.m */; };
		35FC0A131EF9120D00CC7EC8 /* Main.storyboard in Resources */ = {isa = PBXBuildFile; fileRef = 35FC0A111EF9120D00CC7EC8 /* Main.storyboard */; };
		35FC0A151EF9120E00CC7EC8 /* Assets.xcassets in Resources */ = {isa = PBXBuildFile; fileRef = 35FC0A141EF9120E00CC7EC8 /* Assets.xcassets */; };
		35FC0A181EF9120E00CC7EC8 /* LaunchScreen.storyboard in Resources */ = {isa = PBXBuildFile; fileRef = 35FC0A161EF9120E00CC7EC8 /* LaunchScreen.storyboard */; };
		35FC0A211EF9122900CC7EC8 /* Person.m in Sources */ = {isa = PBXBuildFile; fileRef = 35FC0A201EF9122900CC7EC8 /* Person.m */; };
		35FC0A241EF9124500CC7EC8 /* Student.m in Sources */ = {isa = PBXBuildFile; fileRef = 35FC0A231EF9124500CC7EC8 /* Student.m */; };
		9090D42DDC662EBED59D0E7B /* libPods-DelibrateProject.a in Frameworks */ = {isa = PBXBuildFile; fileRef = 65F1222F0FCF9CEBCCC52C05 /* libPods-DelibrateProject.a */; };
/* End PBXBuildFile section */

/* Begin PBXFileReference section */
		344A5799263165F1F020FF76 /* Pods-DelibrateProject.debug.xcconfig */ = {isa = PBXFileReference; includeInIndex = 1; lastKnownFileType = text.xcconfig; name = "Pods-DelibrateProject.debug.xcconfig"; path = "Pods/Target Support Files/Pods-DelibrateProject/Pods-DelibrateProject.debug.xcconfig"; sourceTree = "<group>"; };
		353076D11F186B5A0088A944 /* SLXTimerVC.h */ = {isa = PBXFileReference; fileEncoding = 4; lastKnownFileType = sourcecode.c.h; path = SLXTimerVC.h; sourceTree = "<group>"; };
		353076D21F186B5A0088A944 /* SLXTimerVC.m */ = {isa = PBXFileReference; fileEncoding = 4; lastKnownFileType = sourcecode.c.objc; path = SLXTimerVC.m; sourceTree = "<group>"; };
		353076D41F1875620088A944 /* SLToolsModal.h */ = {isa = PBXFileReference; fileEncoding = 4; lastKnownFileType = sourcecode.c.h; path = SLToolsModal.h; sourceTree = "<group>"; };
		353076D51F1875620088A944 /* SLToolsModal.m */ = {isa = PBXFileReference; fileEncoding = 4; lastKnownFileType = sourcecode.c.objc; path = SLToolsModal.m; sourceTree = "<group>"; };
		353076D81F1899A90088A944 /* NSString+addition.h */ = {isa = PBXFileReference; fileEncoding = 4; lastKnownFileType = sourcecode.c.h; path = "NSString+addition.h"; sourceTree = "<group>"; };
		353076D91F1899A90088A944 /* NSString+addition.m */ = {isa = PBXFileReference; fileEncoding = 4; lastKnownFileType = sourcecode.c.objc; path = "NSString+addition.m"; sourceTree = "<group>"; };
		35FC0A051EF9120D00CC7EC8 /* DelibrateProject.app */ = {isa = PBXFileReference; explicitFileType = wrapper.application; includeInIndex = 0; path = DelibrateProject.app; sourceTree = BUILT_PRODUCTS_DIR; };
		35FC0A091EF9120D00CC7EC8 /* main.m */ = {isa = PBXFileReference; lastKnownFileType = sourcecode.c.objc; path = main.m; sourceTree = "<group>"; };
		35FC0A0B1EF9120D00CC7EC8 /* AppDelegate.h */ = {isa = PBXFileReference; lastKnownFileType = sourcecode.c.h; path = AppDelegate.h; sourceTree = "<group>"; };
		35FC0A0C1EF9120D00CC7EC8 /* AppDelegate.m */ = {isa = PBXFileReference; lastKnownFileType = sourcecode.c.objc; path = AppDelegate.m; sourceTree = "<group>"; };
		35FC0A0E1EF9120D00CC7EC8 /* ViewController.h */ = {isa = PBXFileReference; lastKnownFileType = sourcecode.c.h; path = ViewController.h; sourceTree = "<group>"; };
		35FC0A0F1EF9120D00CC7EC8 /* ViewController.m */ = {isa = PBXFileReference; lastKnownFileType = sourcecode.c.objc; path = ViewController.m; sourceTree = "<group>"; };
		35FC0A121EF9120D00CC7EC8 /* Base */ = {isa = PBXFileReference; lastKnownFileType = file.storyboard; name = Base; path = Base.lproj/Main.storyboard; sourceTree = "<group>"; };
		35FC0A141EF9120E00CC7EC8 /* Assets.xcassets */ = {isa = PBXFileReference; lastKnownFileType = folder.assetcatalog; path = Assets.xcassets; sourceTree = "<group>"; };
		35FC0A171EF9120E00CC7EC8 /* Base */ = {isa = PBXFileReference; lastKnownFileType = file.storyboard; name = Base; path = Base.lproj/LaunchScreen.storyboard; sourceTree = "<group>"; };
		35FC0A191EF9120E00CC7EC8 /* Info.plist */ = {isa = PBXFileReference; lastKnownFileType = text.plist.xml; path = Info.plist; sourceTree = "<group>"; };
		35FC0A1F1EF9122900CC7EC8 /* Person.h */ = {isa = PBXFileReference; fileEncoding = 4; lastKnownFileType = sourcecode.c.h; path = Person.h; sourceTree = "<group>"; };
		35FC0A201EF9122900CC7EC8 /* Person.m */ = {isa = PBXFileReference; fileEncoding = 4; lastKnownFileType = sourcecode.c.objc; path = Person.m; sourceTree = "<group>"; };
		35FC0A221EF9124500CC7EC8 /* Student.h */ = {isa = PBXFileReference; fileEncoding = 4; lastKnownFileType = sourcecode.c.h; path = Student.h; sourceTree = "<group>"; };
		35FC0A231EF9124500CC7EC8 /* Student.m */ = {isa = PBXFileReference; fileEncoding = 4; lastKnownFileType = sourcecode.c.objc; path = Student.m; sourceTree = "<group>"; };
		47AF8ED70206D70ACD93C8B5 /* Pods-DelibrateProject.release.xcconfig */ = {isa = PBXFileReference; includeInIndex = 1; lastKnownFileType = text.xcconfig; name = "Pods-DelibrateProject.release.xcconfig"; path = "Pods/Target Support Files/Pods-DelibrateProject/Pods-DelibrateProject.release.xcconfig"; sourceTree = "<group>"; };
		65F1222F0FCF9CEBCCC52C05 /* libPods-DelibrateProject.a */ = {isa = PBXFileReference; explicitFileType = archive.ar; includeInIndex = 0; path = "libPods-DelibrateProject.a"; sourceTree = BUILT_PRODUCTS_DIR; };
/* End PBXFileReference section */

/* Begin PBXFrameworksBuildPhase section */
		35FC0A021EF9120D00CC7EC8 /* Frameworks */ = {
			isa = PBXFrameworksBuildPhase;
			buildActionMask = 2147483647;
			files = (
				9090D42DDC662EBED59D0E7B /* libPods-DelibrateProject.a in Frameworks */,
			);
			runOnlyForDeploymentPostprocessing = 0;
		};
/* End PBXFrameworksBuildPhase section */

/* Begin PBXGroup section */
		353076D01F186A980088A944 /* SLTools */ = {
			isa = PBXGroup;
			children = (
				353076D11F186B5A0088A944 /* SLXTimerVC.h */,
				353076D21F186B5A0088A944 /* SLXTimerVC.m */,
			);
			path = SLTools;
			sourceTree = "<group>";
		};
		353076D71F1899790088A944 /* Category */ = {
			isa = PBXGroup;
			children = (
				353076D81F1899A90088A944 /* NSString+addition.h */,
				353076D91F1899A90088A944 /* NSString+addition.m */,
			);
			path = Category;
			sourceTree = "<group>";
		};
		35FC09FC1EF9120D00CC7EC8 = {
			isa = PBXGroup;
			children = (
				35FC0A071EF9120D00CC7EC8 /* DelibrateProject */,
				35FC0A061EF9120D00CC7EC8 /* Products */,
				9C598D091411DE349D612283 /* Pods */,
				9FA6ED28FAA2218AD1823743 /* Frameworks */,
			);
			sourceTree = "<group>";
		};
		35FC0A061EF9120D00CC7EC8 /* Products */ = {
			isa = PBXGroup;
			children = (
				35FC0A051EF9120D00CC7EC8 /* DelibrateProject.app */,
			);
			name = Products;
			sourceTree = "<group>";
		};
		35FC0A071EF9120D00CC7EC8 /* DelibrateProject */ = {
			isa = PBXGroup;
			children = (
				353076D71F1899790088A944 /* Category */,
				353076D01F186A980088A944 /* SLTools */,
				35FC0A0B1EF9120D00CC7EC8 /* AppDelegate.h */,
				35FC0A0C1EF9120D00CC7EC8 /* AppDelegate.m */,
				35FC0A0E1EF9120D00CC7EC8 /* ViewController.h */,
				35FC0A0F1EF9120D00CC7EC8 /* ViewController.m */,
				353076D41F1875620088A944 /* SLToolsModal.h */,
				353076D51F1875620088A944 /* SLToolsModal.m */,
				35FC0A1F1EF9122900CC7EC8 /* Person.h */,
				35FC0A201EF9122900CC7EC8 /* Person.m */,
				35FC0A221EF9124500CC7EC8 /* Student.h */,
				35FC0A231EF9124500CC7EC8 /* Student.m */,
				35FC0A111EF9120D00CC7EC8 /* Main.storyboard */,
				35FC0A141EF9120E00CC7EC8 /* Assets.xcassets */,
				35FC0A161EF9120E00CC7EC8 /* LaunchScreen.storyboard */,
				35FC0A191EF9120E00CC7EC8 /* Info.plist */,
				35FC0A081EF9120D00CC7EC8 /* Supporting Files */,
			);
			path = DelibrateProject;
			sourceTree = "<group>";
		};
		35FC0A081EF9120D00CC7EC8 /* Supporting Files */ = {
			isa = PBXGroup;
			children = (
				35FC0A091EF9120D00CC7EC8 /* main.m */,
			);
			name = "Supporting Files";
			sourceTree = "<group>";
		};
		9C598D091411DE349D612283 /* Pods */ = {
			isa = PBXGroup;
			children = (
				344A5799263165F1F020FF76 /* Pods-DelibrateProject.debug.xcconfig */,
				47AF8ED70206D70ACD93C8B5 /* Pods-DelibrateProject.release.xcconfig */,
			);
			name = Pods;
			sourceTree = "<group>";
		};
		9FA6ED28FAA2218AD1823743 /* Frameworks */ = {
			isa = PBXGroup;
			children = (
				65F1222F0FCF9CEBCCC52C05 /* libPods-DelibrateProject.a */,
			);
			name = Frameworks;
			sourceTree = "<group>";
		};
/* End PBXGroup section */

/* Begin PBXNativeTarget section */
		35FC0A041EF9120D00CC7EC8 /* DelibrateProject */ = {
			isa = PBXNativeTarget;
			buildConfigurationList = 35FC0A1C1EF9120E00CC7EC8 /* Build configuration list for PBXNativeTarget "DelibrateProject" */;
			buildPhases = (
				E886269E9D14608910CEC21C /* [CP] Check Pods Manifest.lock */,
				35FC0A011EF9120D00CC7EC8 /* Sources */,
				35FC0A021EF9120D00CC7EC8 /* Frameworks */,
				35FC0A031EF9120D00CC7EC8 /* Resources */,
				682C1F8B4397200A27BCA0C4 /* [CP] Embed Pods Frameworks */,
				A92B4834A622ABE8B90568D9 /* [CP] Copy Pods Resources */,
			);
			buildRules = (
			);
			dependencies = (
			);
			name = DelibrateProject;
			productName = DelibrateProject;
			productReference = 35FC0A051EF9120D00CC7EC8 /* DelibrateProject.app */;
			productType = "com.apple.product-type.application";
		};
/* End PBXNativeTarget section */

/* Begin PBXProject section */
		35FC09FD1EF9120D00CC7EC8 /* Project object */ = {
			isa = PBXProject;
			attributes = {
				LastUpgradeCheck = 0830;
				ORGANIZATIONNAME = HRBEduYun;
				TargetAttributes = {
					35FC0A041EF9120D00CC7EC8 = {
						CreatedOnToolsVersion = 8.3.1;
						DevelopmentTeam = 3CT6VQ4757;
						ProvisioningStyle = Automatic;
					};
				};
			};
			buildConfigurationList = 35FC0A001EF9120D00CC7EC8 /* Build configuration list for PBXProject "DelibrateProject" */;
			compatibilityVersion = "Xcode 3.2";
			developmentRegion = English;
			hasScannedForEncodings = 0;
			knownRegions = (
				en,
				Base,
			);
			mainGroup = 35FC09FC1EF9120D00CC7EC8;
			productRefGroup = 35FC0A061EF9120D00CC7EC8 /* Products */;
			projectDirPath = "";
			projectRoot = "";
			targets = (
				35FC0A041EF9120D00CC7EC8 /* DelibrateProject */,
			);
		};
/* End PBXProject section */

/* Begin PBXResourcesBuildPhase section */
		35FC0A031EF9120D00CC7EC8 /* Resources */ = {
			isa = PBXResourcesBuildPhase;
			buildActionMask = 2147483647;
			files = (
				35FC0A181EF9120E00CC7EC8 /* LaunchScreen.storyboard in Resources */,
				35FC0A151EF9120E00CC7EC8 /* Assets.xcassets in Resources */,
				35FC0A131EF9120D00CC7EC8 /* Main.storyboard in Resources */,
			);
			runOnlyForDeploymentPostprocessing = 0;
		};
/* End PBXResourcesBuildPhase section */

/* Begin PBXShellScriptBuildPhase section */
		682C1F8B4397200A27BCA0C4 /* [CP] Embed Pods Frameworks */ = {
			isa = PBXShellScriptBuildPhase;
			buildActionMask = 2147483647;
			files = (
			);
			inputPaths = (
			);
			name = "[CP] Embed Pods Frameworks";
			outputPaths = (
			);
			runOnlyForDeploymentPostprocessing = 0;
			shellPath = /bin/sh;
			shellScript = "\"${SRCROOT}/Pods/Target Support Files/Pods-DelibrateProject/Pods-DelibrateProject-frameworks.sh\"\n";
			showEnvVarsInLog = 0;
		};
		A92B4834A622ABE8B90568D9 /* [CP] Copy Pods Resources */ = {
			isa = PBXShellScriptBuildPhase;
			buildActionMask = 2147483647;
			files = (
			);
			inputPaths = (
			);
			name = "[CP] Copy Pods Resources";
			outputPaths = (
			);
			runOnlyForDeploymentPostprocessing = 0;
			shellPath = /bin/sh;
			shellScript = "\"${SRCROOT}/Pods/Target Support Files/Pods-DelibrateProject/Pods-DelibrateProject-resources.sh\"\n";
			showEnvVarsInLog = 0;
		};
		E886269E9D14608910CEC21C /* [CP] Check Pods Manifest.lock */ = {
			isa = PBXShellScriptBuildPhase;
			buildActionMask = 2147483647;
			files = (
			);
			inputPaths = (
			);
			name = "[CP] Check Pods Manifest.lock";
			outputPaths = (
			);
			runOnlyForDeploymentPostprocessing = 0;
			shellPath = /bin/sh;
			shellScript = "diff \"${PODS_ROOT}/../Podfile.lock\" \"${PODS_ROOT}/Manifest.lock\" > /dev/null\nif [ $? != 0 ] ; then\n    # print error to STDERR\n    echo \"error: The sandbox is not in sync with the Podfile.lock. Run 'pod install' or update your CocoaPods installation.\" >&2\n    exit 1\nfi\n";
			showEnvVarsInLog = 0;
		};
/* End PBXShellScriptBuildPhase section */

/* Begin PBXSourcesBuildPhase section */
		35FC0A011EF9120D00CC7EC8 /* Sources */ = {
			isa = PBXSourcesBuildPhase;
			buildActionMask = 2147483647;
			files = (
				35FC0A101EF9120D00CC7EC8 /* ViewController.m in Sources */,
				35FC0A0D1EF9120D00CC7EC8 /* AppDelegate.m in Sources */,
				35FC0A241EF9124500CC7EC8 /* Student.m in Sources */,
				35FC0A211EF9122900CC7EC8 /* Person.m in Sources */,
				353076D31F186B5A0088A944 /* SLXTimerVC.m in Sources */,
				353076DA1F1899A90088A944 /* NSString+addition.m in Sources */,
				353076D61F1875620088A944 /* SLToolsModal.m in Sources */,
				35FC0A0A1EF9120D00CC7EC8 /* main.m in Sources */,
			);
			runOnlyForDeploymentPostprocessing = 0;
		};
/* End PBXSourcesBuildPhase section */

/* Begin PBXVariantGroup section */
		35FC0A111EF9120D00CC7EC8 /* Main.storyboard */ = {
			isa = PBXVariantGroup;
			children = (
				35FC0A121EF9120D00CC7EC8 /* Base */,
			);
			name = Main.storyboard;
			sourceTree = "<group>";
		};
		35FC0A161EF9120E00CC7EC8 /* LaunchScreen.storyboard */ = {
			isa = PBXVariantGroup;
			children = (
				35FC0A171EF9120E00CC7EC8 /* Base */,
			);
			name = LaunchScreen.storyboard;
			sourceTree = "<group>";
		};
/* End PBXVariantGroup section */

/* Begin XCBuildConfiguration section */
		35FC0A1A1EF9120E00CC7EC8 /* Debug */ = {
			isa = XCBuildConfiguration;
			buildSettings = {
				ALWAYS_SEARCH_USER_PATHS = NO;
				CLANG_ANALYZER_NONNULL = YES;
				CLANG_ANALYZER_NUMBER_OBJECT_CONVERSION = YES_AGGRESSIVE;
				CLANG_CXX_LANGUAGE_STANDARD = "gnu++0x";
				CLANG_CXX_LIBRARY = "libc++";
				CLANG_ENABLE_MODULES = YES;
				CLANG_ENABLE_OBJC_ARC = YES;
				CLANG_WARN_BOOL_CONVERSION = YES;
				CLANG_WARN_CONSTANT_CONVERSION = YES;
				CLANG_WARN_DIRECT_OBJC_ISA_USAGE = YES_ERROR;
				CLANG_WARN_DOCUMENTATION_COMMENTS = YES;
				CLANG_WARN_EMPTY_BODY = YES;
				CLANG_WARN_ENUM_CONVERSION = YES;
				CLANG_WARN_INFINITE_RECURSION = YES;
				CLANG_WARN_INT_CONVERSION = YES;
				CLANG_WARN_OBJC_ROOT_CLASS = YES_ERROR;
				CLANG_WARN_SUSPICIOUS_MOVE = YES;
				CLANG_WARN_UNREACHABLE_CODE = YES;
				CLANG_WARN__DUPLICATE_METHOD_MATCH = YES;
				"CODE_SIGN_IDENTITY[sdk=iphoneos*]" = "iPhone Developer";
				COPY_PHASE_STRIP = NO;
				DEBUG_INFORMATION_FORMAT = dwarf;
				ENABLE_STRICT_OBJC_MSGSEND = YES;
				ENABLE_TESTABILITY = YES;
				GCC_C_LANGUAGE_STANDARD = gnu99;
				GCC_DYNAMIC_NO_PIC = NO;
				GCC_NO_COMMON_BLOCKS = YES;
				GCC_OPTIMIZATION_LEVEL = 0;
				GCC_PREPROCESSOR_DEFINITIONS = (
					"DEBUG=1",
					"$(inherited)",
				);
				GCC_WARN_64_TO_32_BIT_CONVERSION = YES;
				GCC_WARN_ABOUT_RETURN_TYPE = YES_ERROR;
				GCC_WARN_UNDECLARED_SELECTOR = YES;
				GCC_WARN_UNINITIALIZED_AUTOS = YES_AGGRESSIVE;
				GCC_WARN_UNUSED_FUNCTION = YES;
				GCC_WARN_UNUSED_VARIABLE = YES;
				IPHONEOS_DEPLOYMENT_TARGET = 10.3;
				MTL_ENABLE_DEBUG_INFO = YES;
				ONLY_ACTIVE_ARCH = YES;
				SDKROOT = iphoneos;
			};
			name = Debug;
		};
		35FC0A1B1EF9120E00CC7EC8 /* Release */ = {
			isa = XCBuildConfiguration;
			buildSettings = {
				ALWAYS_SEARCH_USER_PATHS = NO;
				CLANG_ANALYZER_NONNULL = YES;
				CLANG_ANALYZER_NUMBER_OBJECT_CONVERSION = YES_AGGRESSIVE;
				CLANG_CXX_LANGUAGE_STANDARD = "gnu++0x";
				CLANG_CXX_LIBRARY = "libc++";
				CLANG_ENABLE_MODULES = YES;
				CLANG_ENABLE_OBJC_ARC = YES;
				CLANG_WARN_BOOL_CONVERSION = YES;
				CLANG_WARN_CONSTANT_CONVERSION = YES;
				CLANG_WARN_DIRECT_OBJC_ISA_USAGE = YES_ERROR;
				CLANG_WARN_DOCUMENTATION_COMMENTS = YES;
				CLANG_WARN_EMPTY_BODY = YES;
				CLANG_WARN_ENUM_CONVERSION = YES;
				CLANG_WARN_INFINITE_RECURSION = YES;
				CLANG_WARN_INT_CONVERSION = YES;
				CLANG_WARN_OBJC_ROOT_CLASS = YES_ERROR;
				CLANG_WARN_SUSPICIOUS_MOVE = YES;
				CLANG_WARN_UNREACHABLE_CODE = YES;
				CLANG_WARN__DUPLICATE_METHOD_MATCH = YES;
				"CODE_SIGN_IDENTITY[sdk=iphoneos*]" = "iPhone Developer";
				COPY_PHASE_STRIP = NO;
				DEBUG_INFORMATION_FORMAT = "dwarf-with-dsym";
				ENABLE_NS_ASSERTIONS = NO;
				ENABLE_STRICT_OBJC_MSGSEND = YES;
				GCC_C_LANGUAGE_STANDARD = gnu99;
				GCC_NO_COMMON_BLOCKS = YES;
				GCC_WARN_64_TO_32_BIT_CONVERSION = YES;
				GCC_WARN_ABOUT_RETURN_TYPE = YES_ERROR;
				GCC_WARN_UNDECLARED_SELECTOR = YES;
				GCC_WARN_UNINITIALIZED_AUTOS = YES_AGGRESSIVE;
				GCC_WARN_UNUSED_FUNCTION = YES;
				GCC_WARN_UNUSED_VARIABLE = YES;
				IPHONEOS_DEPLOYMENT_TARGET = 10.3;
				MTL_ENABLE_DEBUG_INFO = NO;
				SDKROOT = iphoneos;
				VALIDATE_PRODUCT = YES;
			};
			name = Release;
		};
		35FC0A1D1EF9120E00CC7EC8 /* Debug */ = {
			isa = XCBuildConfiguration;
			baseConfigurationReference = 344A5799263165F1F020FF76 /* Pods-DelibrateProject.debug.xcconfig */;
			buildSettings = {
				ASSETCATALOG_COMPILER_APPICON_NAME = AppIcon;
				CLANG_ENABLE_OBJC_ARC = YES;
				DEVELOPMENT_TEAM = 3CT6VQ4757;
				INFOPLIST_FILE = DelibrateProject/Info.plist;
				LD_RUNPATH_SEARCH_PATHS = "$(inherited) @executable_path/Frameworks";
				PRODUCT_BUNDLE_IDENTIFIER = HRB.DelibrateProject;
				PRODUCT_NAME = "$(TARGET_NAME)";
			};
			name = Debug;
		};
		35FC0A1E1EF9120E00CC7EC8 /* Release */ = {
			isa = XCBuildConfiguration;
			baseConfigurationReference = 47AF8ED70206D70ACD93C8B5 /* Pods-DelibrateProject.release.xcconfig */;
			buildSettings = {
				ASSETCATALOG_COMPILER_APPICON_NAME = AppIcon;
				CLANG_ENABLE_OBJC_ARC = YES;
				DEVELOPMENT_TEAM = 3CT6VQ4757;
				INFOPLIST_FILE = DelibrateProject/Info.plist;
				LD_RUNPATH_SEARCH_PATHS = "$(inherited) @executable_path/Frameworks";
				PRODUCT_BUNDLE_IDENTIFIER = HRB.DelibrateProject;
				PRODUCT_NAME = "$(TARGET_NAME)";
			};
			name = Release;
		};
/* End XCBuildConfiguration section */

/* Begin XCConfigurationList section */
		35FC0A001EF9120D00CC7EC8 /* Build configuration list for PBXProject "DelibrateProject" */ = {
			isa = XCConfigurationList;
			buildConfigurations = (
				35FC0A1A1EF9120E00CC7EC8 /* Debug */,
				35FC0A1B1EF9120E00CC7EC8 /* Release */,
			);
			defaultConfigurationIsVisible = 0;
			defaultConfigurationName = Release;
		};
		35FC0A1C1EF9120E00CC7EC8 /* Build configuration list for PBXNativeTarget "DelibrateProject" */ = {
			isa = XCConfigurationList;
			buildConfigurations = (
				35FC0A1D1EF9120E00CC7EC8 /* Debug */,
				35FC0A1E1EF9120E00CC7EC8 /* Release */,
			);
			defaultConfigurationIsVisible = 0;
			defaultConfigurationName = Release;
		};
/* End XCConfigurationList section */
	};
	rootObject = 35FC09FD1EF9120D00CC7EC8 /* Project object */;
}
